{
  "name": "eq-chat-alyzer",
  "version": "1.0.0",
  "lockfileVersion": 3,
  "requires": true,
  "packages": {
    "": {
      "name": "eq-chat-alyzer",
      "version": "1.0.0",
      "license": "Apache-2.0",
      "workspaces": [
        "log-reader"
      ]
    },
    "log-reader": {
      "version": "1.0.0",
      "license": "ISC"
    },
    "node_modules/log-reader": {
      "resolved": "log-reader",
      "link": true
    }
  }
}
